
Microsoft Visual Studio Solution File, Format Version 12.00
# Visual Studio Version 17
VisualStudioVersion = 17.4.33110.190
MinimumVisualStudioVersion = 10.0.40219.1
Project("{FAE04EC0-301F-11D3-BF4B-00C04F79EFBC}") = "CitrsLite", "CitrsLite\CitrsLite.csproj", "{C7E0B401-EEF3-4C13-9CE0-323B703375F9}"
EndProject
Project("{FAE04EC0-301F-11D3-BF4B-00C04F79EFBC}") = "CitrsLite.Data", "CitrsLite.Data\CitrsLite.Data.csproj", "{600FF5AD-A0CD-436E-B4A9-96EE8604CE96}"
EndProject
Global
	GlobalSection(SolutionConfigurationPlatforms) = preSolution
		Debug|Any CPU = Debug|Any CPU
		Release|Any CPU = Release|Any CPU
	EndGlobalSection
	GlobalSection(ProjectConfigurationPlatforms) = postSolution
		{C7E0B401-EEF3-4C13-9CE0-323B703375F9}.Debug|Any CPU.ActiveCfg = Debug|Any CPU
		{C7E0B401-EEF3-4C13-9CE0-323B703375F9}.Debug|Any CPU.Build.0 = Debug|Any CPU
		{C7E0B401-EEF3-4C13-9CE0-323B703375F9}.Release|Any CPU.ActiveCfg = Release|Any CPU
		{C7E0B401-EEF3-4C13-9CE0-323B703375F9}.Release|Any CPU.Build.0 = Release|Any CPU
		{600FF5AD-A0CD-436E-B4A9-96EE8604CE96}.Debug|Any CPU.ActiveCfg = Debug|Any CPU
		{600FF5AD-A0CD-436E-B4A9-96EE8604CE96}.Debug|Any CPU.Build.0 = Debug|Any CPU
		{600FF5AD-A0CD-436E-B4A9-96EE8604CE96}.Release|Any CPU.ActiveCfg = Release|Any CPU
		{600FF5AD-A0CD-436E-B4A9-96EE8604CE96}.Release|Any CPU.Build.0 = Release|Any CPU
	EndGlobalSection
	GlobalSection(SolutionProperties) = preSolution
		HideSolutionNode = FALSE
	EndGlobalSection
	GlobalSection(ExtensibilityGlobals) = postSolution
		SolutionGuid = {7A437763-9C48-43E9-AFF2-E4F27843A2B3}
	EndGlobalSection
EndGlobal
